{
  "version": 4,
  "terraform_version": "1.2.9",
  "serial": 12961,
  "lineage": "fbab7947-9f17-e2bf-1d2d-8f54fab93e02",
  "outputs": {
    "connection_command": {
      "value": "ssh -o ProxyCommand='ssh -W %h:%p -q 104.154.196.191'  -i ~/.ssh/ansible_ed25519 ansible@192.168.1.2",
      "type": "string"
    }
  },
  "resources": [
    {
      "module": "module.bastion_config",
      "mode": "managed",
      "type": "google_compute_instance",
      "name": "bastion_host",
      "provider": "provider[\"registry.terraform.io/hashicorp/google\"]",
      "instances": [
        {
          "schema_version": 6,
          "attributes": {
            "advanced_machine_features": [],
            "allow_stopping_for_update": null,
            "attached_disk": [],
            "boot_disk": [
              {
                "auto_delete": true,
                "device_name": "persistent-disk-0",
                "disk_encryption_key_raw": "",
                "disk_encryption_key_sha256": "",
                "initialize_params": [
                  {
                    "image": "https://www.googleapis.com/compute/v1/projects/centos-cloud/global/images/centos-7-v20221004",
                    "labels": {},
                    "size": 20,
                    "type": "pd-standard"
                  }
                ],
                "kms_key_self_link": "",
                "mode": "READ_WRITE",
                "source": "https://www.googleapis.com/compute/v1/projects/devops-361723/zones/us-central1-a/disks/bastion-host"
              }
            ],
            "can_ip_forward": false,
            "confidential_instance_config": [],
            "cpu_platform": "Intel Broadwell",
            "current_status": "RUNNING",
            "deletion_protection": false,
            "description": "",
            "desired_status": null,
            "enable_display": false,
            "guest_accelerator": [],
            "hostname": "",
            "id": "projects/devops-361723/zones/us-central1-a/instances/bastion-host",
            "instance_id": "5546495197004981941",
            "label_fingerprint": "42WmSpB8rSM=",
            "labels": null,
            "machine_type": "e2-small",
            "metadata": null,
            "metadata_fingerprint": "rZibbDTdr2k=",
            "metadata_startup_script": "while [[ ! -f /home/admin/.ssh/authorized_keys ]]\ndo\n    sleep 10\n    echo \"Sleeping 10 seconds till user is created by the gce instance...\" \u003e\u003e /var/log/startup.log\ndone\necho \"ssh-rsa AAAAB3NzaC1yc2EAAAADAQABAAABgQCVkl6w+JRCDpQTVrlh8WcSh3sHFWFONax4TwPA0sDH9cWFGIyAHUXOLubEACs79oecxLue9adGKc/tSchcqbZKdR+rbmY9gJP1tai5DARlKZxbEyZJSBzpy1ksJdO6K0CjzVIFj1RsbyDvbraeyaOthcLESgr2vOlJwTr47Dn0zHH/MnFF1/BxXhZgY+ARrHm/+4ARbmzDLPM8g2mxKhwhlGb/I0ycSE+NeHakVpxO+BrSLC1TPl0Npy7MEi70VojByTEOsIp1dqE2Ab4dDgnvTBcd9hm+cF7ZoX14pJwO2es3E1D1KLWbHkIfNwXu/jA0yxxx+IG6Afku2cZNVqbZPhKU/DI1WkZrBBpHUH32GrBvzmHjv9RkE6lckiK1juEOLp33Gk0xaQAXOH9T5WFzaTnVlCQBywVnIKyuFnWjJxvvGKCwsfpEr6cf/JJ8IG1dGvOxrI0VvFbp2fjas3Zt0swjfOmnMrJMfxUDWIrnuRewzDwAGLdy6TJjv/weLAM= usaamahahmed@Usaamahs-iMac.lan\" \u003e\u003e /home/admin/.ssh/authorized_keys \nchown -R admin:admin /home/admin; chmod 700 /home/admin/.ssh; chmod 644 /home/admin/.ssh/authorized_keys ;\necho \"Changed permissions on the authorized keys for ensuring read access\" \u003e\u003e /var/log/startup.log\n\n",
            "min_cpu_platform": "",
            "name": "bastion-host",
            "network_interface": [
              {
                "access_config": [
                  {
                    "nat_ip": "104.154.196.191",
                    "network_tier": "PREMIUM",
                    "public_ptr_domain_name": ""
                  }
                ],
                "alias_ip_range": [],
                "ipv6_access_config": [],
                "ipv6_access_type": "",
                "name": "nic0",
                "network": "https://www.googleapis.com/compute/v1/projects/devops-361723/global/networks/mainvpc",
                "network_ip": "192.168.0.2",
                "nic_type": "",
                "queue_count": 0,
                "stack_type": "IPV4_ONLY",
                "subnetwork": "https://www.googleapis.com/compute/v1/projects/devops-361723/regions/us-central1/subnetworks/public",
                "subnetwork_project": "devops-361723"
              }
            ],
            "project": "devops-361723",
            "reservation_affinity": [],
            "resource_policies": null,
            "scheduling": [
              {
                "automatic_restart": true,
                "instance_termination_action": "",
                "min_node_cpus": 0,
                "node_affinities": [],
                "on_host_maintenance": "MIGRATE",
                "preemptible": false,
                "provisioning_model": "STANDARD"
              }
            ],
            "scratch_disk": [],
            "self_link": "https://www.googleapis.com/compute/v1/projects/devops-361723/zones/us-central1-a/instances/bastion-host",
            "service_account": [
              {
                "email": "devops-admin@devops-361723.iam.gserviceaccount.com",
                "scopes": [
                  "https://www.googleapis.com/auth/cloud-platform"
                ]
              }
            ],
            "shielded_instance_config": [
              {
                "enable_integrity_monitoring": true,
                "enable_secure_boot": false,
                "enable_vtpm": true
              }
            ],
            "tags": [
              "bastion"
            ],
            "tags_fingerprint": "NfTTNVh6sLU=",
            "timeouts": null,
            "zone": "us-central1-a"
          },
          "sensitive_attributes": [],
          "private": "eyJlMmJmYjczMC1lY2FhLTExZTYtOGY4OC0zNDM2M2JjN2M0YzAiOnsiY3JlYXRlIjoxMjAwMDAwMDAwMDAwLCJkZWxldGUiOjEyMDAwMDAwMDAwMDAsInVwZGF0ZSI6MTIwMDAwMDAwMDAwMH0sInNjaGVtYV92ZXJzaW9uIjoiNiJ9",
          "dependencies": [
            "module.network_config.google_compute_network.mainvpc",
            "module.network_config.google_compute_subnetwork.public"
          ]
        }
      ]
    },
    {
      "module": "module.database_config",
      "mode": "data",
      "type": "archive_file",
      "name": "mongo_configuration_artifact",
      "provider": "provider[\"registry.terraform.io/hashicorp/archive\"]",
      "instances": [
        {
          "schema_version": 0,
          "attributes": {
            "excludes": null,
            "id": "49cd4ffacfbf3cace895c4987a7f7fc4f75c3320",
            "output_base64sha256": "oKmhjRMMRFGN67npJyeohwfFJqEBUwf03Kc8ezKcuRo=",
            "output_file_mode": null,
            "output_md5": "5b19530bba3732c084e3109ccd8c0b9f",
            "output_path": "infrastructure/modules/database/temp/mongo_configuration_artifact_14_10_22.zip",
            "output_sha": "49cd4ffacfbf3cace895c4987a7f7fc4f75c3320",
            "output_size": 3958,
            "source": [],
            "source_content": null,
            "source_content_filename": null,
            "source_dir": "infrastructure/modules/database/mongod_artifacts/",
            "source_file": null,
            "type": "zip"
          },
          "sensitive_attributes": []
        }
      ]
    },
    {
      "module": "module.database_config",
      "mode": "managed",
      "type": "google_compute_address",
      "name": "internal_ip",
      "provider": "provider[\"registry.terraform.io/hashicorp/google\"]",
      "instances": [
        {
          "index_key": "a",
          "schema_version": 0,
          "attributes": {
            "address": "192.168.1.2",
            "address_type": "INTERNAL",
            "creation_timestamp": "2022-10-14T14:44:57.600-07:00",
            "description": "",
            "id": "projects/devops-361723/regions/us-central1/addresses/internal-address-a-net",
            "name": "internal-address-a-net",
            "network": "",
            "network_tier": "PREMIUM",
            "prefix_length": 0,
            "project": "devops-361723",
            "purpose": "GCE_ENDPOINT",
            "region": "us-central1",
            "self_link": "https://www.googleapis.com/compute/v1/projects/devops-361723/regions/us-central1/addresses/internal-address-a-net",
            "subnetwork": "https://www.googleapis.com/compute/v1/projects/devops-361723/regions/us-central1/subnetworks/private",
            "timeouts": null,
            "users": []
          },
          "sensitive_attributes": [],
          "private": "eyJlMmJmYjczMC1lY2FhLTExZTYtOGY4OC0zNDM2M2JjN2M0YzAiOnsiY3JlYXRlIjoxMjAwMDAwMDAwMDAwLCJkZWxldGUiOjEyMDAwMDAwMDAwMDB9fQ==",
          "dependencies": [
            "module.network_config.google_compute_network.mainvpc",
            "module.network_config.google_compute_subnetwork.private"
          ]
        }
      ]
    },
    {
      "module": "module.database_config",
      "mode": "managed",
      "type": "google_compute_disk",
      "name": "data_disk_creations",
      "provider": "provider[\"registry.terraform.io/hashicorp/google\"]",
      "instances": [
        {
          "index_key": "a",
          "schema_version": 0,
          "attributes": {
            "creation_timestamp": "2022-10-14T14:44:24.146-07:00",
            "description": "",
            "disk_encryption_key": [],
            "id": "projects/devops-361723/zones/us-central1-a/disks/test-devops-node-a-data-disk",
            "image": "",
            "label_fingerprint": "42WmSpB8rSM=",
            "labels": null,
            "last_attach_timestamp": "",
            "last_detach_timestamp": "",
            "name": "test-devops-node-a-data-disk",
            "physical_block_size_bytes": 4096,
            "project": "devops-361723",
            "provisioned_iops": 0,
            "self_link": "https://www.googleapis.com/compute/v1/projects/devops-361723/zones/us-central1-a/disks/test-devops-node-a-data-disk",
            "size": 25,
            "snapshot": "",
            "source_image_encryption_key": [],
            "source_image_id": "",
            "source_snapshot_encryption_key": [],
            "source_snapshot_id": "",
            "timeouts": null,
            "type": "pd-ssd",
            "users": [],
            "zone": "us-central1-a"
          },
          "sensitive_attributes": [],
          "private": "eyJlMmJmYjczMC1lY2FhLTExZTYtOGY4OC0zNDM2M2JjN2M0YzAiOnsiY3JlYXRlIjoxMjAwMDAwMDAwMDAwLCJkZWxldGUiOjEyMDAwMDAwMDAwMDAsInVwZGF0ZSI6MTIwMDAwMDAwMDAwMH19"
        }
      ]
    },
    {
      "module": "module.database_config",
      "mode": "managed",
      "type": "google_compute_disk",
      "name": "log_disk_creations",
      "provider": "provider[\"registry.terraform.io/hashicorp/google\"]",
      "instances": [
        {
          "index_key": "a",
          "schema_version": 0,
          "attributes": {
            "creation_timestamp": "2022-10-14T14:44:24.157-07:00",
            "description": "",
            "disk_encryption_key": [],
            "id": "projects/devops-361723/zones/us-central1-a/disks/test-devops-node-a-log-disk",
            "image": "",
            "label_fingerprint": "42WmSpB8rSM=",
            "labels": null,
            "last_attach_timestamp": "",
            "last_detach_timestamp": "",
            "name": "test-devops-node-a-log-disk",
            "physical_block_size_bytes": 4096,
            "project": "devops-361723",
            "provisioned_iops": 0,
            "self_link": "https://www.googleapis.com/compute/v1/projects/devops-361723/zones/us-central1-a/disks/test-devops-node-a-log-disk",
            "size": 25,
            "snapshot": "",
            "source_image_encryption_key": [],
            "source_image_id": "",
            "source_snapshot_encryption_key": [],
            "source_snapshot_id": "",
            "timeouts": null,
            "type": "pd-ssd",
            "users": [],
            "zone": "us-central1-a"
          },
          "sensitive_attributes": [],
          "private": "eyJlMmJmYjczMC1lY2FhLTExZTYtOGY4OC0zNDM2M2JjN2M0YzAiOnsiY3JlYXRlIjoxMjAwMDAwMDAwMDAwLCJkZWxldGUiOjEyMDAwMDAwMDAwMDAsInVwZGF0ZSI6MTIwMDAwMDAwMDAwMH19"
        }
      ]
    },
    {
      "module": "module.database_config",
      "mode": "managed",
      "type": "google_compute_instance_from_template",
      "name": "mongo_nodes",
      "provider": "provider[\"registry.terraform.io/hashicorp/google\"]",
      "instances": [
        {
          "index_key": "a",
          "schema_version": 0,
          "attributes": {
            "advanced_machine_features": [],
            "allow_stopping_for_update": null,
            "attached_disk": [
              {
                "device_name": "persistent-disk-1",
                "disk_encryption_key_raw": "",
                "disk_encryption_key_sha256": "",
                "kms_key_self_link": "",
                "mode": "READ_WRITE",
                "source": "https://www.googleapis.com/compute/v1/projects/devops-361723/zones/us-central1-a/disks/test-devops-node-a-data-disk"
              },
              {
                "device_name": "persistent-disk-2",
                "disk_encryption_key_raw": "",
                "disk_encryption_key_sha256": "",
                "kms_key_self_link": "",
                "mode": "READ_WRITE",
                "source": "https://www.googleapis.com/compute/v1/projects/devops-361723/zones/us-central1-a/disks/test-devops-node-a-log-disk"
              }
            ],
            "boot_disk": [
              {
                "auto_delete": true,
                "device_name": "persistent-disk-0",
                "disk_encryption_key_raw": "",
                "disk_encryption_key_sha256": "",
                "initialize_params": [
                  {
                    "image": "https://www.googleapis.com/compute/v1/projects/centos-cloud/global/images/centos-7-v20221004",
                    "labels": {},
                    "size": 20,
                    "type": "pd-standard"
                  }
                ],
                "kms_key_self_link": "",
                "mode": "READ_WRITE",
                "source": "https://www.googleapis.com/compute/v1/projects/devops-361723/zones/us-central1-a/disks/test-devops-node-a"
              }
            ],
            "can_ip_forward": false,
            "confidential_instance_config": [],
            "cpu_platform": "Intel Broadwell",
            "current_status": "RUNNING",
            "deletion_protection": false,
            "description": "",
            "desired_status": null,
            "enable_display": false,
            "guest_accelerator": [],
            "hostname": "",
            "id": "projects/devops-361723/zones/us-central1-a/instances/test-devops-node-a",
            "instance_id": "7432619790006773385",
            "label_fingerprint": "42WmSpB8rSM=",
            "labels": {},
            "machine_type": "e2-micro",
            "metadata": {
              "startup-script": "#!/bin/bash\ncat \u003c\u003cEOF \u003e /tmp/startup.sh\nwhile true; do \n    if [[ -f \"/tmp/ansible_ready\" ]]; then\n        gsutil cp gs://general-udbusa/database/artifacts/mongo_configuration_artifact_14_10_22.zip /tmp/mongo_configuration_artifact_14_10_22.zip\n        unzip /tmp/mongo_configuration_artifact_14_10_22.zip -d /tmp \n        echo \"Start running mongo config scripts!\"\n        /tmp/install_mongo.sh\n        /tmp/install_data_disk.sh\n        /tmp/init_mongod_process.sh\n        break\n    else\n        echo \"Sleeping 10 seconds\"\n        sleep 10\n    fi\ndone\nEOF\nchmod 755 /tmp/*\n/tmp/startup.sh"
            },
            "metadata_fingerprint": "XjB0pw6zmnM=",
            "metadata_startup_script": null,
            "min_cpu_platform": "",
            "name": "test-devops-node-a",
            "network_interface": [
              {
                "access_config": [],
                "alias_ip_range": [],
                "ipv6_access_config": [],
                "ipv6_access_type": "",
                "name": "nic0",
                "network": "https://www.googleapis.com/compute/v1/projects/devops-361723/global/networks/mainvpc",
                "network_ip": "192.168.1.2",
                "nic_type": "",
                "queue_count": 0,
                "stack_type": "IPV4_ONLY",
                "subnetwork": "https://www.googleapis.com/compute/v1/projects/devops-361723/regions/us-central1/subnetworks/private",
                "subnetwork_project": "devops-361723"
              }
            ],
            "project": "devops-361723",
            "reservation_affinity": [],
            "resource_policies": [],
            "scheduling": [
              {
                "automatic_restart": true,
                "instance_termination_action": "",
                "min_node_cpus": 0,
                "node_affinities": [],
                "on_host_maintenance": "MIGRATE",
                "preemptible": false,
                "provisioning_model": "STANDARD"
              }
            ],
            "scratch_disk": [],
            "self_link": "https://www.googleapis.com/compute/v1/projects/devops-361723/zones/us-central1-a/instances/test-devops-node-a",
            "service_account": [
              {
                "email": "devops-admin@devops-361723.iam.gserviceaccount.com",
                "scopes": [
                  "https://www.googleapis.com/auth/cloud-platform"
                ]
              }
            ],
            "shielded_instance_config": [
              {
                "enable_integrity_monitoring": true,
                "enable_secure_boot": false,
                "enable_vtpm": true
              }
            ],
            "source_instance_template": "https://www.googleapis.com/compute/v1/projects/devops-361723/global/instanceTemplates/mongo-node-template",
            "tags": [
              "mongo"
            ],
            "tags_fingerprint": "ALcqbuiVo9A=",
            "timeouts": null,
            "zone": "us-central1-a"
          },
          "sensitive_attributes": [],
          "private": "eyJlMmJmYjczMC1lY2FhLTExZTYtOGY4OC0zNDM2M2JjN2M0YzAiOnsiY3JlYXRlIjoxMjAwMDAwMDAwMDAwLCJkZWxldGUiOjEyMDAwMDAwMDAwMDAsInVwZGF0ZSI6MTIwMDAwMDAwMDAwMH19",
          "dependencies": [
            "module.database_config.google_compute_address.internal_ip",
            "module.database_config.google_compute_disk.data_disk_creations",
            "module.database_config.google_compute_disk.log_disk_creations",
            "module.database_config.google_compute_instance_template.mongo_nodes_template",
            "module.network_config.google_compute_network.mainvpc",
            "module.network_config.google_compute_subnetwork.private"
          ]
        }
      ]
    },
    {
      "module": "module.database_config",
      "mode": "managed",
      "type": "google_compute_instance_template",
      "name": "mongo_nodes_template",
      "provider": "provider[\"registry.terraform.io/hashicorp/google\"]",
      "instances": [
        {
          "schema_version": 1,
          "attributes": {
            "advanced_machine_features": [],
            "can_ip_forward": false,
            "confidential_instance_config": null,
            "description": "",
            "disk": [
              {
                "auto_delete": true,
                "boot": true,
                "device_name": "persistent-disk-0",
                "disk_encryption_key": [],
                "disk_name": "",
                "disk_size_gb": 0,
                "disk_type": "pd-standard",
                "interface": "SCSI",
                "labels": null,
                "mode": "READ_WRITE",
                "resource_policies": null,
                "source": "",
                "source_image": "projects/centos-cloud/global/images/family/centos-7",
                "type": "PERSISTENT"
              }
            ],
            "guest_accelerator": [],
            "id": "projects/devops-361723/global/instanceTemplates/mongo-node-template",
            "instance_description": "",
            "labels": null,
            "machine_type": "e2-micro",
            "metadata": null,
            "metadata_fingerprint": "XjB0pw6zmnM=",
            "metadata_startup_script": "#!/bin/bash\ncat \u003c\u003cEOF \u003e /tmp/startup.sh\nwhile true; do \n    if [[ -f \"/tmp/ansible_ready\" ]]; then\n        gsutil cp gs://general-udbusa/database/artifacts/mongo_configuration_artifact_14_10_22.zip /tmp/mongo_configuration_artifact_14_10_22.zip\n        unzip /tmp/mongo_configuration_artifact_14_10_22.zip -d /tmp \n        echo \"Start running mongo config scripts!\"\n        /tmp/install_mongo.sh\n        /tmp/install_data_disk.sh\n        /tmp/init_mongod_process.sh\n        break\n    else\n        echo \"Sleeping 10 seconds\"\n        sleep 10\n    fi\ndone\nEOF\nchmod 755 /tmp/*\n/tmp/startup.sh",
            "min_cpu_platform": "",
            "name": "mongo-node-template",
            "name_prefix": null,
            "network_interface": [
              {
                "access_config": [],
                "alias_ip_range": [],
                "ipv6_access_config": [],
                "ipv6_access_type": "",
                "name": "nic0",
                "network": "https://www.googleapis.com/compute/v1/projects/devops-361723/global/networks/mainvpc",
                "network_ip": "",
                "nic_type": "",
                "queue_count": 0,
                "stack_type": "",
                "subnetwork": "https://www.googleapis.com/compute/v1/projects/devops-361723/regions/us-central1/subnetworks/private",
                "subnetwork_project": "devops-361723"
              }
            ],
            "project": "devops-361723",
            "region": "us-central1",
            "reservation_affinity": [],
            "scheduling": [
              {
                "automatic_restart": true,
                "instance_termination_action": "",
                "min_node_cpus": 0,
                "node_affinities": [],
                "on_host_maintenance": "MIGRATE",
                "preemptible": false,
                "provisioning_model": "STANDARD"
              }
            ],
            "self_link": "https://www.googleapis.com/compute/v1/projects/devops-361723/global/instanceTemplates/mongo-node-template",
            "service_account": [
              {
                "email": "devops-admin@devops-361723.iam.gserviceaccount.com",
                "scopes": [
                  "https://www.googleapis.com/auth/cloud-platform"
                ]
              }
            ],
            "shielded_instance_config": [],
            "tags": [
              "mongo"
            ],
            "tags_fingerprint": "",
            "timeouts": null
          },
          "sensitive_attributes": [],
          "private": "eyJlMmJmYjczMC1lY2FhLTExZTYtOGY4OC0zNDM2M2JjN2M0YzAiOnsiY3JlYXRlIjoyNDAwMDAwMDAwMDAsImRlbGV0ZSI6MjQwMDAwMDAwMDAwfSwic2NoZW1hX3ZlcnNpb24iOiIxIn0=",
          "dependencies": [
            "module.network_config.google_compute_network.mainvpc",
            "module.network_config.google_compute_subnetwork.private"
          ]
        }
      ]
    },
    {
      "module": "module.database_config",
      "mode": "managed",
      "type": "google_storage_bucket_object",
      "name": "upload_mongodconfig",
      "provider": "provider[\"registry.terraform.io/hashicorp/google\"]",
      "instances": [
        {
          "schema_version": 0,
          "attributes": {
            "bucket": "general-udbusa",
            "cache_control": "",
            "content": null,
            "content_disposition": "",
            "content_encoding": "",
            "content_language": "",
            "content_type": "application/zip",
            "crc32c": "J1CeNg==",
            "customer_encryption": [],
            "detect_md5hash": "WxlTC7o3MsCE4xCczYwLnw==",
            "event_based_hold": false,
            "id": "general-udbusa-database/artifacts/mongo_configuration_artifact_14_10_22.zip",
            "kms_key_name": "",
            "md5hash": "WxlTC7o3MsCE4xCczYwLnw==",
            "media_link": "https://storage.googleapis.com/download/storage/v1/b/general-udbusa/o/database%2Fartifacts%2Fmongo_configuration_artifact_14_10_22.zip?generation=1665783919933407\u0026alt=media",
            "metadata": null,
            "name": "database/artifacts/mongo_configuration_artifact_14_10_22.zip",
            "output_name": "database/artifacts/mongo_configuration_artifact_14_10_22.zip",
            "self_link": "https://www.googleapis.com/storage/v1/b/general-udbusa/o/database%2Fartifacts%2Fmongo_configuration_artifact_14_10_22.zip",
            "source": "infrastructure/modules/database/temp/mongo_configuration_artifact_14_10_22.zip",
            "storage_class": "STANDARD",
            "temporary_hold": false,
            "timeouts": null
          },
          "sensitive_attributes": [],
          "private": "eyJlMmJmYjczMC1lY2FhLTExZTYtOGY4OC0zNDM2M2JjN2M0YzAiOnsiY3JlYXRlIjoyNDAwMDAwMDAwMDAsImRlbGV0ZSI6MjQwMDAwMDAwMDAwLCJ1cGRhdGUiOjI0MDAwMDAwMDAwMH19",
          "dependencies": [
            "module.bastion_config.google_compute_instance.bastion_host",
            "module.database_config.data.archive_file.mongo_configuration_artifact",
            "module.database_config.google_compute_address.internal_ip",
            "module.database_config.local_file.render_mongod_templates",
            "module.database_config.null_resource.clean_up_temp_dir",
            "module.network_config.google_compute_network.mainvpc",
            "module.network_config.google_compute_subnetwork.private",
            "module.network_config.google_compute_subnetwork.public"
          ]
        }
      ]
    },
    {
      "module": "module.database_config",
      "mode": "managed",
      "type": "local_file",
      "name": "render_mongod_templates",
      "provider": "provider[\"registry.terraform.io/hashicorp/local\"]",
      "instances": [
        {
          "index_key": "script_1",
          "schema_version": 0,
          "attributes": {
            "content": "#!/bin/bash\ninitiate_rs=\"`(/sbin/ip -o -4 addr list eth0 | awk '{print $4}' | cut -d/ -f1)`:27018\"\n\nwhile true; do\n    if [[ -f /log/mongodb.log ]]\n    then\n        break\n    fi\n    systemctl daemon-reload\n    systemctl start mongod \n    echo \"sleeping till mongod server starts...\"\n    sleep 10\ndone\n\nif [[ \"192.168.1.2:27018\" == \"$initiate_rs\"  ]]\nthen\n    echo \"Initialization of the replica set!\" \n    while true; do\n    /bin/mongosh localhost:27018/local /tmp/repl_init.conf\n    if [ $? -eq 0 ]; then\n        break\n    fi\n    sleep 1\n    done \nfi\n\n\n\n\n\n\n\n",
            "content_base64": null,
            "directory_permission": "0777",
            "file_permission": "0777",
            "filename": "infrastructure/modules/database/mongod_artifacts/init_mongod_process.sh",
            "id": "d50c3e1a38981ccad1f942f63a2b8f721d732b73",
            "sensitive_content": null,
            "source": null
          },
          "sensitive_attributes": [],
          "private": "bnVsbA==",
          "dependencies": [
            "module.bastion_config.google_compute_instance.bastion_host",
            "module.database_config.google_compute_address.internal_ip",
            "module.database_config.null_resource.clean_up_temp_dir",
            "module.network_config.google_compute_network.mainvpc",
            "module.network_config.google_compute_subnetwork.private",
            "module.network_config.google_compute_subnetwork.public"
          ]
        },
        {
          "index_key": "script_2",
          "schema_version": 0,
          "attributes": {
            "content": "db.system.replset.deleteMany({})\nrs.initiate({\n\"_id\" : \"rs0\",\n\"version\" : 1,\n\"term\" : 1,\n\"protocolVersion\" : 1,\n\"writeConcernMajorityJournalDefault\" : true,\n\"configsvr\" : false,\n\"members\" : [\n    \n        {\n        \"_id\" : 0,\n        \"host\" : \"192.168.1.2:27018\",\n        \"arbiterOnly\" : false,\n        \"buildIndexes\": true,\n        \"hidden\": false,\n        \"priority\": 1,\n        \"tags\": {},\n        \"secondaryDelaySecs\": 0,\n        \"votes\": 1\n    }\n    \n],\n\"settings\": {\n    \"chainingAllowed\" : true,\n    \"heartbeatIntervalMillis\": 2000,\n    \"heartbeatTimeoutSecs\": 10,\n    \"electionTimeoutMillis\": 10000,\n    \"catchUpTimeoutMillis\": 60000,\n    \"catchUpTakeoverDelayMillis\" : 30000,\n    \"getLastErrorModes\": {},\n    \"getLastErrorDefaults\": { \n        \"w\" : 1,\n        \"wtimeout\" : 0\n    }\n  }\n})\n\n",
            "content_base64": null,
            "directory_permission": "0777",
            "file_permission": "0777",
            "filename": "infrastructure/modules/database/mongod_artifacts/repl_init.conf",
            "id": "a4c84b133509ad8a145199aa2a66755629bc1cbc",
            "sensitive_content": null,
            "source": null
          },
          "sensitive_attributes": [],
          "private": "bnVsbA==",
          "dependencies": [
            "module.bastion_config.google_compute_instance.bastion_host",
            "module.database_config.google_compute_address.internal_ip",
            "module.database_config.null_resource.clean_up_temp_dir",
            "module.network_config.google_compute_network.mainvpc",
            "module.network_config.google_compute_subnetwork.private",
            "module.network_config.google_compute_subnetwork.public"
          ]
        },
        {
          "index_key": "script_3",
          "schema_version": 0,
          "attributes": {
            "content": "[mongodb-org-6.0]\nname=MongoDB Repository\nbaseurl=https://repo.mongodb.org/yum/redhat/$releasever/mongodb-org/6.0/x86_64/\ngpgcheck=1\nenabled=1\ngpgkey=https://www.mongodb.org/static/pgp/server-6.0.asc\n",
            "content_base64": null,
            "directory_permission": "0777",
            "file_permission": "0777",
            "filename": "infrastructure/modules/database/mongod_artifacts/mongodb.repo",
            "id": "0cd2455cae5120e798e619d5fe22246a7724e5a8",
            "sensitive_content": null,
            "source": null
          },
          "sensitive_attributes": [],
          "private": "bnVsbA==",
          "dependencies": [
            "module.bastion_config.google_compute_instance.bastion_host",
            "module.database_config.google_compute_address.internal_ip",
            "module.database_config.null_resource.clean_up_temp_dir",
            "module.network_config.google_compute_network.mainvpc",
            "module.network_config.google_compute_subnetwork.private",
            "module.network_config.google_compute_subnetwork.public"
          ]
        },
        {
          "index_key": "script_4",
          "schema_version": 0,
          "attributes": {
            "content": "systemLog:\n    destination: file\n    logAppend: true \n    path: /log/mongodb.log\n\nstorage:\n    dbPath: /data\n    journal:\n        enabled: true\n\nprocessManagement:\n    fork: true\n\nnet:\n    bindIpAll: true\n    port: 27018\n\nreplication:\n    replSetName: \"rs0\"\n\n",
            "content_base64": null,
            "directory_permission": "0777",
            "file_permission": "0777",
            "filename": "infrastructure/modules/database/mongod_artifacts/mongod.conf",
            "id": "c5f77bf1efff7591356c21551dec3ed8e7a49a3d",
            "sensitive_content": null,
            "source": null
          },
          "sensitive_attributes": [],
          "private": "bnVsbA==",
          "dependencies": [
            "module.bastion_config.google_compute_instance.bastion_host",
            "module.database_config.google_compute_address.internal_ip",
            "module.database_config.null_resource.clean_up_temp_dir",
            "module.network_config.google_compute_network.mainvpc",
            "module.network_config.google_compute_subnetwork.private",
            "module.network_config.google_compute_subnetwork.public"
          ]
        },
        {
          "index_key": "script_5",
          "schema_version": 0,
          "attributes": {
            "content": "#!/bin/bash\necho \"[ install mongodb 6.0 ]\"\nmv /tmp/mongodb.repo /etc/yum.repos.d/mongodb.repo \nyum install -y mongodb-org-6.0.1 mongodb-org-database-6.0.1 mongodb-org-server-6.0.1 mongodb-mongosh-6.0.1 mongodb-org-mongos-6.0.1 mongodb-org-tools-6.0.1\necho \"[install mongod service]\"\nmv /tmp/mongod.service /usr/lib/systemd/system/mongod.service\necho \"[Create Required Mongo Directories]\"\nmkdir -p /var/config/\nmkdir -p /data",
            "content_base64": null,
            "directory_permission": "0777",
            "file_permission": "0777",
            "filename": "infrastructure/modules/database/mongod_artifacts/install_mongo.sh",
            "id": "fb867c7be296f04d219d00f46f23e349a28da87b",
            "sensitive_content": null,
            "source": null
          },
          "sensitive_attributes": [],
          "private": "bnVsbA==",
          "dependencies": [
            "module.bastion_config.google_compute_instance.bastion_host",
            "module.database_config.google_compute_address.internal_ip",
            "module.database_config.null_resource.clean_up_temp_dir",
            "module.network_config.google_compute_network.mainvpc",
            "module.network_config.google_compute_subnetwork.private",
            "module.network_config.google_compute_subnetwork.public"
          ]
        },
        {
          "index_key": "script_6",
          "schema_version": 0,
          "attributes": {
            "content": "[Unit]\nDescription=Mongod Service\n\n[Service]\nType=forking\nUser=root\nGroup=root\nExecStart=/bin/numactl --interleave=all /bin/mongod -f /tmp/mongod.conf\n# (file size)\nLimitFSIZE=infinity\n# (cpu time)\nLimitCPU=infinity\n# (virtual memory size)\nLimitAS=infinity\n# (locked-in-memory size)\nLimitMEMLOCK=infinity\n# (open files)\nLimitNOFILE=64000\n# (processes/threads)\nLimitNPROC=64000\n\n[Install]\nWantedBy=multi-user.target",
            "content_base64": null,
            "directory_permission": "0777",
            "file_permission": "0777",
            "filename": "infrastructure/modules/database/mongod_artifacts/mongod.service",
            "id": "160d0b1b2da112299a06c890e8c05f1af10722e6",
            "sensitive_content": null,
            "source": null
          },
          "sensitive_attributes": [],
          "private": "bnVsbA==",
          "dependencies": [
            "module.bastion_config.google_compute_instance.bastion_host",
            "module.database_config.google_compute_address.internal_ip",
            "module.database_config.null_resource.clean_up_temp_dir",
            "module.network_config.google_compute_network.mainvpc",
            "module.network_config.google_compute_subnetwork.private",
            "module.network_config.google_compute_subnetwork.public"
          ]
        },
        {
          "index_key": "script_7",
          "schema_version": 0,
          "attributes": {
            "content": "#!/bin/bash\necho \"[Backup fstab]\"\ncp /etc/fstab /etc/fstab.backup\necho \"[Mount fs]\"\ndeclare -a mount_points=(\"/data\" \"/log\")\ndeclare -a device_names=(\"/dev/sdb\" \"/dev/sdc\")\narraylength=${#mount_points[@]}\nfor (( i=0; i\u003c${arraylength}; i++ ));\ndo\n  echo \"[Create ${mount_points[$i]} Director]\"\n  mkdir -p ${mount_points[$i]}\n  echo \"[Mount ${device_names[$i]} Device]\"\n  mkfs.ext4 -m 0 -F -E lazy_itable_init=0,lazy_journal_init=0,discard ${device_names[$i]}\n  mount -o discard,defaults ${device_names[$i]} ${mount_points[$i]}\n  echo \"[Add ${device_names[$i]} to fstab]\"\n  echo UUID=`blkid -s UUID -o value ${device_names[$i]}` ${mount_points[$i]} ext4 discard,defaults,noatime,nofail 0 2 | sudo tee -a /etc/fstab\ndone\necho \"[Create Data Directory]\"\nmkdir -p /data\nchown -R root:root /data\n\n\n\n\n\n\n\n\n",
            "content_base64": null,
            "directory_permission": "0777",
            "file_permission": "0777",
            "filename": "infrastructure/modules/database/mongod_artifacts/install_data_disk.sh",
            "id": "e5c780e69681b35fcb0be437d5ac50cf6473a595",
            "sensitive_content": null,
            "source": null
          },
          "sensitive_attributes": [],
          "private": "bnVsbA==",
          "dependencies": [
            "module.bastion_config.google_compute_instance.bastion_host",
            "module.database_config.google_compute_address.internal_ip",
            "module.database_config.null_resource.clean_up_temp_dir",
            "module.network_config.google_compute_network.mainvpc",
            "module.network_config.google_compute_subnetwork.private",
            "module.network_config.google_compute_subnetwork.public"
          ]
        },
        {
          "index_key": "script_8",
          "schema_version": 0,
          "attributes": {
            "content": "#!/bin/bash\n   \ndeclare -a mongo_address=(\"192.168.1.2\")\nfor i in ${mongo_address[@]};\ndo\n    while true; do\n        echo \"[ SSH Check Connectivity for ${i} ]\"\n        ssh -o ProxyCommand=\"ssh -W %h:%p -q 104.154.196.191\" -i ~/.ssh/ansible_ed25519 ansible@${i} 'exit 0;'\n        if [ $? == 0 ];then\n            echo \"SSH Connection to ${i} is possible\"\n            echo \" Current Directory is '`pwd`'\"\n            ansible-playbook -i infrastructure/modules/database/mongod_artifacts/ansible_inventory.ini --private-key  ~/.ssh/ansible_ed25519 infrastructure/modules/database/ansible_plays/basic_packages.yaml\n            break;\n        else\n            echo \"SSH connection to ${i} is not possible\"\n        sleep 10\n        fi\n    done\ndone \n\n\n",
            "content_base64": null,
            "directory_permission": "0777",
            "file_permission": "0777",
            "filename": "infrastructure/modules/database/mongod_artifacts/check_ssh_availability.sh",
            "id": "d804633280a5a216199c7af7ebd7ba28517b2aa5",
            "sensitive_content": null,
            "source": null
          },
          "sensitive_attributes": [],
          "private": "bnVsbA==",
          "dependencies": [
            "module.bastion_config.google_compute_instance.bastion_host",
            "module.database_config.google_compute_address.internal_ip",
            "module.database_config.null_resource.clean_up_temp_dir",
            "module.network_config.google_compute_network.mainvpc",
            "module.network_config.google_compute_subnetwork.private",
            "module.network_config.google_compute_subnetwork.public"
          ]
        },
        {
          "index_key": "script_9",
          "schema_version": 0,
          "attributes": {
            "content": "[deployment]\n\n\ntest-devops-node-a ansible_host=192.168.1.2  ansible_user=ansible ansible_ssh_private_key_file=~/.ssh/ansible_ed25519\n\n\n[deployment:vars]\nansible_ssh_common_args='-o StrictHostKeyChecking=no -o UserKnownHostsFile=/dev/null -o ProxyCommand=\"ssh -W %h:%p -q 104.154.196.191\"'",
            "content_base64": null,
            "directory_permission": "0777",
            "file_permission": "0777",
            "filename": "infrastructure/modules/database/mongod_artifacts/ansible_inventory.ini",
            "id": "69867d8eb82b85ce3e7084a66db8e051274dbe59",
            "sensitive_content": null,
            "source": null
          },
          "sensitive_attributes": [],
          "private": "bnVsbA==",
          "dependencies": [
            "module.bastion_config.google_compute_instance.bastion_host",
            "module.database_config.google_compute_address.internal_ip",
            "module.database_config.null_resource.clean_up_temp_dir",
            "module.network_config.google_compute_network.mainvpc",
            "module.network_config.google_compute_subnetwork.private",
            "module.network_config.google_compute_subnetwork.public"
          ]
        }
      ]
    },
    {
      "module": "module.database_config",
      "mode": "managed",
      "type": "null_resource",
      "name": "clean_up_temp_dir",
      "provider": "provider[\"registry.terraform.io/hashicorp/null\"]",
      "instances": [
        {
          "schema_version": 0,
          "attributes": {
            "id": "7827514464061645985",
            "triggers": null
          },
          "sensitive_attributes": [],
          "private": "bnVsbA=="
        }
      ]
    },
    {
      "module": "module.database_config",
      "mode": "managed",
      "type": "null_resource",
      "name": "run_ansible_playbook",
      "provider": "provider[\"registry.terraform.io/hashicorp/null\"]",
      "instances": [
        {
          "schema_version": 0,
          "attributes": {
            "id": "9111082036660695003",
            "triggers": null
          },
          "sensitive_attributes": [],
          "private": "bnVsbA==",
          "dependencies": [
            "module.bastion_config.google_compute_instance.bastion_host",
            "module.database_config.google_compute_address.internal_ip",
            "module.database_config.local_file.render_mongod_templates",
            "module.database_config.null_resource.clean_up_temp_dir",
            "module.network_config.google_compute_network.mainvpc",
            "module.network_config.google_compute_subnetwork.private",
            "module.network_config.google_compute_subnetwork.public"
          ]
        }
      ]
    },
    {
      "module": "module.gcs_buckets_config",
      "mode": "managed",
      "type": "google_storage_bucket",
      "name": "bucket_creation",
      "provider": "provider[\"registry.terraform.io/hashicorp/google\"]",
      "instances": [
        {
          "schema_version": 0,
          "attributes": {
            "cors": [],
            "default_event_based_hold": false,
            "encryption": [],
            "force_destroy": true,
            "id": "general-udbusa",
            "labels": null,
            "lifecycle_rule": [],
            "location": "US-CENTRAL1",
            "logging": [],
            "name": "general-udbusa",
            "project": "devops-361723",
            "requester_pays": false,
            "retention_policy": [],
            "self_link": "https://www.googleapis.com/storage/v1/b/general-udbusa",
            "storage_class": "STANDARD",
            "timeouts": null,
            "uniform_bucket_level_access": false,
            "url": "gs://general-udbusa",
            "versioning": [],
            "website": []
          },
          "sensitive_attributes": [],
          "private": "eyJlMmJmYjczMC1lY2FhLTExZTYtOGY4OC0zNDM2M2JjN2M0YzAiOnsiY3JlYXRlIjoyNDAwMDAwMDAwMDAsInJlYWQiOjI0MDAwMDAwMDAwMCwidXBkYXRlIjoyNDAwMDAwMDAwMDB9fQ=="
        }
      ]
    },
    {
      "module": "module.network_config",
      "mode": "managed",
      "type": "google_compute_firewall",
      "name": "allow_ingress_ssh",
      "provider": "provider[\"registry.terraform.io/hashicorp/google\"]",
      "instances": [
        {
          "schema_version": 1,
          "attributes": {
            "allow": [
              {
                "ports": [
                  "22"
                ],
                "protocol": "tcp"
              }
            ],
            "creation_timestamp": "2022-10-14T14:44:45.926-07:00",
            "deny": [],
            "description": "",
            "destination_ranges": [],
            "direction": "INGRESS",
            "disabled": false,
            "enable_logging": null,
            "id": "projects/devops-361723/global/firewalls/allow-ssh",
            "log_config": [],
            "name": "allow-ssh",
            "network": "https://www.googleapis.com/compute/v1/projects/devops-361723/global/networks/mainvpc",
            "priority": 1000,
            "project": "devops-361723",
            "self_link": "https://www.googleapis.com/compute/v1/projects/devops-361723/global/firewalls/allow-ssh",
            "source_ranges": [
              "0.0.0.0/0"
            ],
            "source_service_accounts": null,
            "source_tags": null,
            "target_service_accounts": null,
            "target_tags": [
              "bastion"
            ],
            "timeouts": null
          },
          "sensitive_attributes": [],
          "private": "eyJlMmJmYjczMC1lY2FhLTExZTYtOGY4OC0zNDM2M2JjN2M0YzAiOnsiY3JlYXRlIjoxMjAwMDAwMDAwMDAwLCJkZWxldGUiOjEyMDAwMDAwMDAwMDAsInVwZGF0ZSI6MTIwMDAwMDAwMDAwMH0sInNjaGVtYV92ZXJzaW9uIjoiMSJ9",
          "dependencies": [
            "module.network_config.google_compute_network.mainvpc"
          ]
        }
      ]
    },
    {
      "module": "module.network_config",
      "mode": "managed",
      "type": "google_compute_firewall",
      "name": "bastion_firewall",
      "provider": "provider[\"registry.terraform.io/hashicorp/google\"]",
      "instances": [
        {
          "schema_version": 1,
          "attributes": {
            "allow": [
              {
                "ports": [
                  "22"
                ],
                "protocol": "tcp"
              }
            ],
            "creation_timestamp": "2022-10-14T14:44:45.965-07:00",
            "deny": [],
            "description": "",
            "destination_ranges": [],
            "direction": "INGRESS",
            "disabled": false,
            "enable_logging": null,
            "id": "projects/devops-361723/global/firewalls/bastion-firewall",
            "log_config": [],
            "name": "bastion-firewall",
            "network": "https://www.googleapis.com/compute/v1/projects/devops-361723/global/networks/mainvpc",
            "priority": 1000,
            "project": "devops-361723",
            "self_link": "https://www.googleapis.com/compute/v1/projects/devops-361723/global/firewalls/bastion-firewall",
            "source_ranges": [
              "10.174.0.0/24"
            ],
            "source_service_accounts": null,
            "source_tags": [
              "bastion"
            ],
            "target_service_accounts": null,
            "target_tags": [
              "mongo"
            ],
            "timeouts": null
          },
          "sensitive_attributes": [],
          "private": "eyJlMmJmYjczMC1lY2FhLTExZTYtOGY4OC0zNDM2M2JjN2M0YzAiOnsiY3JlYXRlIjoxMjAwMDAwMDAwMDAwLCJkZWxldGUiOjEyMDAwMDAwMDAwMDAsInVwZGF0ZSI6MTIwMDAwMDAwMDAwMH0sInNjaGVtYV92ZXJzaW9uIjoiMSJ9",
          "dependencies": [
            "module.network_config.google_compute_network.mainvpc"
          ]
        }
      ]
    },
    {
      "module": "module.network_config",
      "mode": "managed",
      "type": "google_compute_firewall",
      "name": "mongo_firewall",
      "provider": "provider[\"registry.terraform.io/hashicorp/google\"]",
      "instances": [
        {
          "schema_version": 1,
          "attributes": {
            "allow": [
              {
                "ports": [
                  "22",
                  "27018",
                  "27020"
                ],
                "protocol": "tcp"
              }
            ],
            "creation_timestamp": "2022-10-14T14:44:46.048-07:00",
            "deny": [],
            "description": "",
            "destination_ranges": [],
            "direction": "INGRESS",
            "disabled": false,
            "enable_logging": null,
            "id": "projects/devops-361723/global/firewalls/mongo-firewall",
            "log_config": [],
            "name": "mongo-firewall",
            "network": "https://www.googleapis.com/compute/v1/projects/devops-361723/global/networks/mainvpc",
            "priority": 1000,
            "project": "devops-361723",
            "self_link": "https://www.googleapis.com/compute/v1/projects/devops-361723/global/firewalls/mongo-firewall",
            "source_ranges": [
              "10.174.1.0/24"
            ],
            "source_service_accounts": null,
            "source_tags": [
              "mongo"
            ],
            "target_service_accounts": null,
            "target_tags": [
              "mongo"
            ],
            "timeouts": null
          },
          "sensitive_attributes": [],
          "private": "eyJlMmJmYjczMC1lY2FhLTExZTYtOGY4OC0zNDM2M2JjN2M0YzAiOnsiY3JlYXRlIjoxMjAwMDAwMDAwMDAwLCJkZWxldGUiOjEyMDAwMDAwMDAwMDAsInVwZGF0ZSI6MTIwMDAwMDAwMDAwMH0sInNjaGVtYV92ZXJzaW9uIjoiMSJ9",
          "dependencies": [
            "module.network_config.google_compute_network.mainvpc"
          ]
        }
      ]
    },
    {
      "module": "module.network_config",
      "mode": "managed",
      "type": "google_compute_network",
      "name": "mainvpc",
      "provider": "provider[\"registry.terraform.io/hashicorp/google\"]",
      "instances": [
        {
          "schema_version": 0,
          "attributes": {
            "auto_create_subnetworks": false,
            "delete_default_routes_on_create": false,
            "description": "",
            "enable_ula_internal_ipv6": false,
            "gateway_ipv4": "",
            "id": "projects/devops-361723/global/networks/mainvpc",
            "internal_ipv6_range": "",
            "mtu": 0,
            "name": "mainvpc",
            "project": "devops-361723",
            "routing_mode": "REGIONAL",
            "self_link": "https://www.googleapis.com/compute/v1/projects/devops-361723/global/networks/mainvpc",
            "timeouts": null
          },
          "sensitive_attributes": [],
          "private": "eyJlMmJmYjczMC1lY2FhLTExZTYtOGY4OC0zNDM2M2JjN2M0YzAiOnsiY3JlYXRlIjoxMjAwMDAwMDAwMDAwLCJkZWxldGUiOjEyMDAwMDAwMDAwMDAsInVwZGF0ZSI6MTIwMDAwMDAwMDAwMH19"
        }
      ]
    },
    {
      "module": "module.network_config",
      "mode": "managed",
      "type": "google_compute_route",
      "name": "ingress_internet",
      "provider": "provider[\"registry.terraform.io/hashicorp/google\"]",
      "instances": [
        {
          "schema_version": 0,
          "attributes": {
            "description": "route access from the internet",
            "dest_range": "0.0.0.0/0",
            "id": "projects/devops-361723/global/routes/ingress-internet",
            "name": "ingress-internet",
            "network": "https://www.googleapis.com/compute/v1/projects/devops-361723/global/networks/mainvpc",
            "next_hop_gateway": "https://www.googleapis.com/compute/v1/projects/devops-361723/global/gateways/default-internet-gateway",
            "next_hop_ilb": "",
            "next_hop_instance": "",
            "next_hop_instance_zone": null,
            "next_hop_ip": "",
            "next_hop_network": "",
            "next_hop_vpn_tunnel": "",
            "priority": 1000,
            "project": "devops-361723",
            "self_link": "https://www.googleapis.com/compute/v1/projects/devops-361723/global/routes/ingress-internet",
            "tags": [
              "allow-ssh",
              "bastion"
            ],
            "timeouts": null
          },
          "sensitive_attributes": [],
          "private": "eyJlMmJmYjczMC1lY2FhLTExZTYtOGY4OC0zNDM2M2JjN2M0YzAiOnsiY3JlYXRlIjoxMjAwMDAwMDAwMDAwLCJkZWxldGUiOjEyMDAwMDAwMDAwMDB9fQ==",
          "dependencies": [
            "module.network_config.google_compute_network.mainvpc"
          ]
        }
      ]
    },
    {
      "module": "module.network_config",
      "mode": "managed",
      "type": "google_compute_router",
      "name": "router",
      "provider": "provider[\"registry.terraform.io/hashicorp/google\"]",
      "instances": [
        {
          "schema_version": 0,
          "attributes": {
            "bgp": [
              {
                "advertise_mode": "CUSTOM",
                "advertised_groups": null,
                "advertised_ip_ranges": [],
                "asn": 64514,
                "keepalive_interval": 20
              }
            ],
            "creation_timestamp": "2022-10-14T14:44:46.035-07:00",
            "description": "",
            "encrypted_interconnect_router": false,
            "id": "projects/devops-361723/regions/us-central1/routers/router",
            "name": "router",
            "network": "https://www.googleapis.com/compute/v1/projects/devops-361723/global/networks/mainvpc",
            "project": "devops-361723",
            "region": "us-central1",
            "self_link": "https://www.googleapis.com/compute/v1/projects/devops-361723/regions/us-central1/routers/router",
            "timeouts": null
          },
          "sensitive_attributes": [],
          "private": "eyJlMmJmYjczMC1lY2FhLTExZTYtOGY4OC0zNDM2M2JjN2M0YzAiOnsiY3JlYXRlIjoxMjAwMDAwMDAwMDAwLCJkZWxldGUiOjEyMDAwMDAwMDAwMDAsInVwZGF0ZSI6MTIwMDAwMDAwMDAwMH19",
          "dependencies": [
            "module.network_config.google_compute_network.mainvpc"
          ]
        }
      ]
    },
    {
      "module": "module.network_config",
      "mode": "managed",
      "type": "google_compute_router_nat",
      "name": "nat",
      "provider": "provider[\"registry.terraform.io/hashicorp/google\"]",
      "instances": [
        {
          "schema_version": 0,
          "attributes": {
            "drain_nat_ips": null,
            "enable_dynamic_port_allocation": false,
            "enable_endpoint_independent_mapping": true,
            "icmp_idle_timeout_sec": 30,
            "id": "devops-361723/us-central1/router/nat",
            "log_config": [],
            "max_ports_per_vm": 0,
            "min_ports_per_vm": 0,
            "name": "nat",
            "nat_ip_allocate_option": "AUTO_ONLY",
            "nat_ips": null,
            "project": "devops-361723",
            "region": null,
            "router": "router",
            "source_subnetwork_ip_ranges_to_nat": "LIST_OF_SUBNETWORKS",
            "subnetwork": [
              {
                "name": "https://www.googleapis.com/compute/v1/projects/devops-361723/regions/us-central1/subnetworks/private",
                "secondary_ip_range_names": [],
                "source_ip_ranges_to_nat": [
                  "ALL_IP_RANGES"
                ]
              }
            ],
            "tcp_established_idle_timeout_sec": 1200,
            "tcp_transitory_idle_timeout_sec": 30,
            "timeouts": null,
            "udp_idle_timeout_sec": 30
          },
          "sensitive_attributes": [],
          "private": "eyJlMmJmYjczMC1lY2FhLTExZTYtOGY4OC0zNDM2M2JjN2M0YzAiOnsiY3JlYXRlIjoxMjAwMDAwMDAwMDAwLCJkZWxldGUiOjEyMDAwMDAwMDAwMDAsInVwZGF0ZSI6MTIwMDAwMDAwMDAwMH19",
          "dependencies": [
            "module.network_config.google_compute_network.mainvpc",
            "module.network_config.google_compute_router.router",
            "module.network_config.google_compute_subnetwork.private"
          ]
        }
      ]
    },
    {
      "module": "module.network_config",
      "mode": "managed",
      "type": "google_compute_subnetwork",
      "name": "private",
      "provider": "provider[\"registry.terraform.io/hashicorp/google\"]",
      "instances": [
        {
          "schema_version": 0,
          "attributes": {
            "creation_timestamp": "2022-10-14T14:44:46.079-07:00",
            "description": "",
            "external_ipv6_prefix": "",
            "fingerprint": null,
            "gateway_address": "192.168.1.1",
            "id": "projects/devops-361723/regions/us-central1/subnetworks/private",
            "ip_cidr_range": "192.168.1.0/24",
            "ipv6_access_type": "",
            "ipv6_cidr_range": "",
            "log_config": [],
            "name": "private",
            "network": "https://www.googleapis.com/compute/v1/projects/devops-361723/global/networks/mainvpc",
            "private_ip_google_access": false,
            "private_ipv6_google_access": "DISABLE_GOOGLE_ACCESS",
            "project": "devops-361723",
            "purpose": "PRIVATE",
            "region": "us-central1",
            "role": "",
            "secondary_ip_range": [],
            "self_link": "https://www.googleapis.com/compute/v1/projects/devops-361723/regions/us-central1/subnetworks/private",
            "stack_type": "IPV4_ONLY",
            "timeouts": null
          },
          "sensitive_attributes": [],
          "private": "eyJlMmJmYjczMC1lY2FhLTExZTYtOGY4OC0zNDM2M2JjN2M0YzAiOnsiY3JlYXRlIjoxMjAwMDAwMDAwMDAwLCJkZWxldGUiOjEyMDAwMDAwMDAwMDAsInVwZGF0ZSI6MTIwMDAwMDAwMDAwMH19",
          "dependencies": [
            "module.network_config.google_compute_network.mainvpc"
          ]
        }
      ]
    },
    {
      "module": "module.network_config",
      "mode": "managed",
      "type": "google_compute_subnetwork",
      "name": "public",
      "provider": "provider[\"registry.terraform.io/hashicorp/google\"]",
      "instances": [
        {
          "schema_version": 0,
          "attributes": {
            "creation_timestamp": "2022-10-14T14:44:46.762-07:00",
            "description": "",
            "external_ipv6_prefix": "",
            "fingerprint": null,
            "gateway_address": "192.168.0.1",
            "id": "projects/devops-361723/regions/us-central1/subnetworks/public",
            "ip_cidr_range": "192.168.0.0/24",
            "ipv6_access_type": "",
            "ipv6_cidr_range": "",
            "log_config": [],
            "name": "public",
            "network": "https://www.googleapis.com/compute/v1/projects/devops-361723/global/networks/mainvpc",
            "private_ip_google_access": false,
            "private_ipv6_google_access": "DISABLE_GOOGLE_ACCESS",
            "project": "devops-361723",
            "purpose": "PRIVATE",
            "region": "us-central1",
            "role": "",
            "secondary_ip_range": [],
            "self_link": "https://www.googleapis.com/compute/v1/projects/devops-361723/regions/us-central1/subnetworks/public",
            "stack_type": "IPV4_ONLY",
            "timeouts": null
          },
          "sensitive_attributes": [],
          "private": "eyJlMmJmYjczMC1lY2FhLTExZTYtOGY4OC0zNDM2M2JjN2M0YzAiOnsiY3JlYXRlIjoxMjAwMDAwMDAwMDAwLCJkZWxldGUiOjEyMDAwMDAwMDAwMDAsInVwZGF0ZSI6MTIwMDAwMDAwMDAwMH19",
          "dependencies": [
            "module.network_config.google_compute_network.mainvpc"
          ]
        }
      ]
    }
  ]
}
